Microsoft Visual Studio Solution File, Format Version 12.00
# Visual Studio Version 17
VisualStudioVersion = 17.5.2.0
MinimumVisualStudioVersion = 10.0.40219.1
Project("{FAE04EC0-301F-11D3-BF4B-00C04F79EFBC}") = "Kigramed", "Kigramed.csproj", "{1460F851-9F30-600C-1ED5-33BEBFF238E9}"
EndProject
Global
	GlobalSection(SolutionConfigurationPlatforms) = preSolution
		Debug|Any CPU = Debug|Any CPU
		Release|Any CPU = Release|Any CPU
	EndGlobalSection
	GlobalSection(ProjectConfigurationPlatforms) = postSolution
		{1460F851-9F30-600C-1ED5-33BEBFF238E9}.Debug|Any CPU.ActiveCfg = Debug|Any CPU
		{1460F851-9F30-600C-1ED5-33BEBFF238E9}.Debug|Any CPU.Build.0 = Debug|Any CPU
		{1460F851-9F30-600C-1ED5-33BEBFF238E9}.Release|Any CPU.ActiveCfg = Release|Any CPU
		{1460F851-9F30-600C-1ED5-33BEBFF238E9}.Release|Any CPU.Build.0 = Release|Any CPU
	EndGlobalSection
	GlobalSection(SolutionProperties) = preSolution
		HideSolutionNode = FALSE
	EndGlobalSection
	GlobalSection(ExtensibilityGlobals) = postSolution
		SolutionGuid = {C5B64F2E-BD4D-4DFD-8B86-2C43DA254C6E}
	EndGlobalSection
EndGlobal
